
Microsoft Visual Studio Solution File, Format Version 12.00
# Visual Studio Version 17
VisualStudioVersion = 17.3.32922.545
MinimumVisualStudioVersion = 10.0.40219.1
Project("{FAE04EC0-301F-11D3-BF4B-00C04F79EFBC}") = "Variáveis_Date", "Variáveis_Date\Variáveis_Date.csproj", "{31A373C8-65E0-4577-9EF5-F412360DEBCB}"
EndProject
Global
	GlobalSection(SolutionConfigurationPlatforms) = preSolution
		Debug|Any CPU = Debug|Any CPU
		Release|Any CPU = Release|Any CPU
	EndGlobalSection
	GlobalSection(ProjectConfigurationPlatforms) = postSolution
		{31A373C8-65E0-4577-9EF5-F412360DEBCB}.Debug|Any CPU.ActiveCfg = Debug|Any CPU
		{31A373C8-65E0-4577-9EF5-F412360DEBCB}.Debug|Any CPU.Build.0 = Debug|Any CPU
		{31A373C8-65E0-4577-9EF5-F412360DEBCB}.Release|Any CPU.ActiveCfg = Release|Any CPU
		{31A373C8-65E0-4577-9EF5-F412360DEBCB}.Release|Any CPU.Build.0 = Release|Any CPU
	EndGlobalSection
	GlobalSection(SolutionProperties) = preSolution
		HideSolutionNode = FALSE
	EndGlobalSection
	GlobalSection(ExtensibilityGlobals) = postSolution
		SolutionGuid = {B1267B7E-EDC2-4806-A2F8-317D0E7C6FAC}
	EndGlobalSection
EndGlobal
